lockfileVersion: '9.0'

settings:
  autoInstallPeers: true
  excludeLinksFromLockfile: false

importers:

  .:
    devDependencies:
      daisyui:
        specifier: ^5.0.9
        version: 5.0.9
      prettier:
        specifier: ^3.5.3
        version: 3.5.3
      tailwindcss:
        specifier: ^4.0.17
        version: 4.0.17

packages:

  daisyui@5.0.9:
    resolution: {integrity: sha512-RsaehHh45f+0shWgZZaOY09/8eOae2voRsqJCD71j9yrnYgcke0Nj5ys0ZxrW4SPcc4+q96kWyJu0Z8P1zZdoA==}

  prettier@3.5.3:
    resolution: {integrity: sha512-QQtaxnoDJeAkDvDKWCLiwIXkTgRhwYDEQCghU9Z6q03iyek/rxRh/2lC3HB7P8sWT2xC/y5JDctPLBIGzHKbhw==}
    engines: {node: '>=14'}
    hasBin: true

  tailwindcss@4.0.17:
    resolution: {integrity: sha512-OErSiGzRa6rLiOvaipsDZvLMSpsBZ4ysB4f0VKGXUrjw2jfkJRd6kjRKV2+ZmTCNvwtvgdDam5D7w6WXsdLJZw==}

snapshots:

  daisyui@5.0.9: {}

  prettier@3.5.3: {}

  tailwindcss@4.0.17: {}
