lockfileVersion: '9.0'

settings:
  autoInstallPeers: true
  excludeLinksFromLockfile: false

importers:

  .:
    devDependencies:
      daisyui:
        specifier: ^5.0.12
        version: 5.0.12
      prettier:
        specifier: ^3.5.3
        version: 3.5.3
      tailwindcss:
        specifier: ^4.1.3
        version: 4.1.3

packages:

  daisyui@5.0.12:
    resolution: {integrity: sha512-01DU0eYBcHgPtuf5fxcrkGkIN6/Uyaqmkle5Yo3ZyW9YVAu036ALZbjv2KH5euvUbeQ4r9q3gAarGcf7Tywhng==}

  prettier@3.5.3:
    resolution: {integrity: sha512-QQtaxnoDJeAkDvDKWCLiwIXkTgRhwYDEQCghU9Z6q03iyek/rxRh/2lC3HB7P8sWT2xC/y5JDctPLBIGzHKbhw==}
    engines: {node: '>=14'}
    hasBin: true

  tailwindcss@4.1.3:
    resolution: {integrity: sha512-2Q+rw9vy1WFXu5cIxlvsabCwhU2qUwodGq03ODhLJ0jW4ek5BUtoCsnLB0qG+m8AHgEsSJcJGDSDe06FXlP74g==}

snapshots:

  daisyui@5.0.12: {}

  prettier@3.5.3: {}

  tailwindcss@4.1.3: {}
