lockfileVersion: '9.0'

settings:
  autoInstallPeers: true
  excludeLinksFromLockfile: false

importers:

  .:
    devDependencies:
      daisyui:
        specifier: ^5.0.6
        version: 5.0.6
      prettier:
        specifier: ^3.5.3
        version: 3.5.3
      tailwindcss:
        specifier: ^4.0.14
        version: 4.0.14

packages:

  daisyui@5.0.6:
    resolution: {integrity: sha512-/e/9Gw/2y9oawBJlWkJMSEhRXdmfOLvcPl+6q/x2rPEdIVOtebs1t3ex2vwySl9vCRs1GGNBKCiL+P60Ps/wUw==}

  prettier@3.5.3:
    resolution: {integrity: sha512-QQtaxnoDJeAkDvDKWCLiwIXkTgRhwYDEQCghU9Z6q03iyek/rxRh/2lC3HB7P8sWT2xC/y5JDctPLBIGzHKbhw==}
    engines: {node: '>=14'}
    hasBin: true

  tailwindcss@4.0.14:
    resolution: {integrity: sha512-92YT2dpt671tFiHH/e1ok9D987N9fHD5VWoly1CdPD/Cd1HMglvZwP3nx2yTj2lbXDAHt8QssZkxTLCCTNL+xw==}

snapshots:

  daisyui@5.0.6: {}

  prettier@3.5.3: {}

  tailwindcss@4.0.14: {}
