lockfileVersion: '9.0'

settings:
  autoInstallPeers: true
  excludeLinksFromLockfile: false

importers:

  .:
    devDependencies:
      '@playwright/test':
        specifier: ^1.45.3
        version: 1.46.0
      '@types/node':
        specifier: ^22.0.0
        version: 22.1.0
      typescript:
        specifier: ^5.5.4
        version: 5.5.4

packages:

  '@playwright/test@1.46.0':
    resolution: {integrity: sha512-/QYft5VArOrGRP5pgkrfKksqsKA6CEFyGQ/gjNe6q0y4tZ1aaPfq4gIjudr1s3D+pXyrPRdsy4opKDrjBabE5w==}
    engines: {node: '>=18'}
    hasBin: true

  '@types/node@22.1.0':
    resolution: {integrity: sha512-AOmuRF0R2/5j1knA3c6G3HOk523Ga+l+ZXltX8SF1+5oqcXijjfTd8fY3XRZqSihEu9XhtQnKYLmkFaoxgsJHw==}

  fsevents@2.3.2:
    resolution: {integrity: sha512-xiqMQR4xAeHTuB9uWm+fFRcIOgKBMiOBP+eXiyT7jsgVCq1bkVygt00oASowB7EdtpOHaaPgKt812P9ab+DDKA==}
    engines: {node: ^8.16.0 || ^10.6.0 || >=11.0.0}
    os: [darwin]

  playwright-core@1.46.0:
    resolution: {integrity: sha512-9Y/d5UIwuJk8t3+lhmMSAJyNP1BUC/DqP3cQJDQQL/oWqAiuPTLgy7Q5dzglmTLwcBRdetzgNM/gni7ckfTr6A==}
    engines: {node: '>=18'}
    hasBin: true

  playwright@1.46.0:
    resolution: {integrity: sha512-XYJ5WvfefWONh1uPAUAi0H2xXV5S3vrtcnXe6uAOgdGi3aSpqOSXX08IAjXW34xitfuOJsvXU5anXZxPSEQiJw==}
    engines: {node: '>=18'}
    hasBin: true

  typescript@5.5.4:
    resolution: {integrity: sha512-Mtq29sKDAEYP7aljRgtPOpTvOfbwRWlS6dPRzwjdE+C0R4brX/GUyhHSecbHMFLNBLcJIPt9nl9yG5TZ1weH+Q==}
    engines: {node: '>=14.17'}
    hasBin: true

  undici-types@6.13.0:
    resolution: {integrity: sha512-xtFJHudx8S2DSoujjMd1WeWvn7KKWFRESZTMeL1RptAYERu29D6jphMjjY+vn96jvN3kVPDNxU/E13VTaXj6jg==}

snapshots:

  '@playwright/test@1.46.0':
    dependencies:
      playwright: 1.46.0

  '@types/node@22.1.0':
    dependencies:
      undici-types: 6.13.0

  fsevents@2.3.2:
    optional: true

  playwright-core@1.46.0: {}

  playwright@1.46.0:
    dependencies:
      playwright-core: 1.46.0
    optionalDependencies:
      fsevents: 2.3.2

  typescript@5.5.4: {}

  undici-types@6.13.0: {}
