lockfileVersion: '9.0'

settings:
  autoInstallPeers: true
  excludeLinksFromLockfile: false

importers:

  .:
    devDependencies:
      '@playwright/test':
        specifier: ^1.51.1
        version: 1.51.1
      '@types/node':
        specifier: ^22.13.10
        version: 22.13.10
      typescript:
        specifier: ^5.8.2
        version: 5.8.2

packages:

  '@playwright/test@1.51.1':
    resolution: {integrity: sha512-nM+kEaTSAoVlXmMPH10017vn3FSiFqr/bh4fKg9vmAdMfd9SDqRZNvPSiAHADc/itWak+qPvMPZQOPwCBW7k7Q==}
    engines: {node: '>=18'}
    hasBin: true

  '@types/node@22.13.10':
    resolution: {integrity: sha512-I6LPUvlRH+O6VRUqYOcMudhaIdUVWfsjnZavnsraHvpBwaEyMN29ry+0UVJhImYL16xsscu0aske3yA+uPOWfw==}

  fsevents@2.3.2:
    resolution: {integrity: sha512-xiqMQR4xAeHTuB9uWm+fFRcIOgKBMiOBP+eXiyT7jsgVCq1bkVygt00oASowB7EdtpOHaaPgKt812P9ab+DDKA==}
    engines: {node: ^8.16.0 || ^10.6.0 || >=11.0.0}
    os: [darwin]

  playwright-core@1.51.1:
    resolution: {integrity: sha512-/crRMj8+j/Nq5s8QcvegseuyeZPxpQCZb6HNk3Sos3BlZyAknRjoyJPFWkpNn8v0+P3WiwqFF8P+zQo4eqiNuw==}
    engines: {node: '>=18'}
    hasBin: true

  playwright@1.51.1:
    resolution: {integrity: sha512-kkx+MB2KQRkyxjYPc3a0wLZZoDczmppyGJIvQ43l+aZihkaVvmu/21kiyaHeHjiFxjxNNFnUncKmcGIyOojsaw==}
    engines: {node: '>=18'}
    hasBin: true

  typescript@5.8.2:
    resolution: {integrity: sha512-aJn6wq13/afZp/jT9QZmwEjDqqvSGp1VT5GVg+f/t6/oVyrgXM6BY1h9BRh/O5p3PlUPAe+WuiEZOmb/49RqoQ==}
    engines: {node: '>=14.17'}
    hasBin: true

  undici-types@6.20.0:
    resolution: {integrity: sha512-Ny6QZ2Nju20vw1SRHe3d9jVu6gJ+4e3+MMpqu7pqE5HT6WsTSlce++GQmK5UXS8mzV8DSYHrQH+Xrf2jVcuKNg==}

snapshots:

  '@playwright/test@1.51.1':
    dependencies:
      playwright: 1.51.1

  '@types/node@22.13.10':
    dependencies:
      undici-types: 6.20.0

  fsevents@2.3.2:
    optional: true

  playwright-core@1.51.1: {}

  playwright@1.51.1:
    dependencies:
      playwright-core: 1.51.1
    optionalDependencies:
      fsevents: 2.3.2

  typescript@5.8.2: {}

  undici-types@6.20.0: {}
