lockfileVersion: '9.0'

settings:
  autoInstallPeers: true
  excludeLinksFromLockfile: false

importers:

  .:
    devDependencies:
      '@playwright/test':
        specifier: ^1.44.1
        version: 1.45.1
      '@types/node':
        specifier: ^20.13.0
        version: 20.14.8
      typescript:
        specifier: ^5.4.5
        version: 5.5.3

packages:

  '@playwright/test@1.45.1':
    resolution: {integrity: sha512-Wo1bWTzQvGA7LyKGIZc8nFSTFf2TkthGIFBR+QVNilvwouGzFd4PYukZe3rvf5PSqjHi1+1NyKSDZKcQWETzaA==}
    engines: {node: '>=18'}
    hasBin: true

  '@types/node@20.14.8':
    resolution: {integrity: sha512-DO+2/jZinXfROG7j7WKFn/3C6nFwxy2lLpgLjEXJz+0XKphZlTLJ14mo8Vfg8X5BWN6XjyESXq+LcYdT7tR3bA==}

  fsevents@2.3.2:
    resolution: {integrity: sha512-xiqMQR4xAeHTuB9uWm+fFRcIOgKBMiOBP+eXiyT7jsgVCq1bkVygt00oASowB7EdtpOHaaPgKt812P9ab+DDKA==}
    engines: {node: ^8.16.0 || ^10.6.0 || >=11.0.0}
    os: [darwin]

  playwright-core@1.45.1:
    resolution: {integrity: sha512-LF4CUUtrUu2TCpDw4mcrAIuYrEjVDfT1cHbJMfwnE2+1b8PZcFzPNgvZCvq2JfQ4aTjRCCHw5EJ2tmr2NSzdPg==}
    engines: {node: '>=18'}
    hasBin: true

  playwright@1.45.1:
    resolution: {integrity: sha512-Hjrgae4kpSQBr98nhCj3IScxVeVUixqj+5oyif8TdIn2opTCPEzqAqNMeK42i3cWDCVu9MI+ZsGWw+gVR4ISBg==}
    engines: {node: '>=18'}
    hasBin: true

  typescript@5.5.3:
    resolution: {integrity: sha512-/hreyEujaB0w76zKo6717l3L0o/qEUtRgdvUBvlkhoWeOVMjMuHNHk0BRBzikzuGDqNmPQbg5ifMEqsHLiIUcQ==}
    engines: {node: '>=14.17'}
    hasBin: true

  undici-types@5.26.5:
    resolution: {integrity: sha512-JlCMO+ehdEIKqlFxk6IfVoAUVmgz7cU7zD/h9XZ0qzeosSHmUJVOzSQvvYSYWXkFXC+IfLKSIffhv0sVZup6pA==}

snapshots:

  '@playwright/test@1.45.1':
    dependencies:
      playwright: 1.45.1

  '@types/node@20.14.8':
    dependencies:
      undici-types: 5.26.5

  fsevents@2.3.2:
    optional: true

  playwright-core@1.45.1: {}

  playwright@1.45.1:
    dependencies:
      playwright-core: 1.45.1
    optionalDependencies:
      fsevents: 2.3.2

  typescript@5.5.3: {}

  undici-types@5.26.5: {}
